
Microsoft Visual Studio Solution File, Format Version 12.00
# Visual Studio Version 16
VisualStudioVersion = 16.0.31205.134
MinimumVisualStudioVersion = 10.0.40219.1
Project("{FAE04EC0-301F-11D3-BF4B-00C04F79EFBC}") = "demomane", "demomane\demomane.csproj", "{76DE69FE-4BAB-4741-9905-477DE0567505}"
EndProject
Global
	GlobalSection(SolutionConfigurationPlatforms) = preSolution
		Debug|Any CPU = Debug|Any CPU
		Release|Any CPU = Release|Any CPU
	EndGlobalSection
	GlobalSection(ProjectConfigurationPlatforms) = postSolution
		{76DE69FE-4BAB-4741-9905-477DE0567505}.Debug|Any CPU.ActiveCfg = Debug|Any CPU
		{76DE69FE-4BAB-4741-9905-477DE0567505}.Debug|Any CPU.Build.0 = Debug|Any CPU
		{76DE69FE-4BAB-4741-9905-477DE0567505}.Release|Any CPU.ActiveCfg = Release|Any CPU
		{76DE69FE-4BAB-4741-9905-477DE0567505}.Release|Any CPU.Build.0 = Release|Any CPU
	EndGlobalSection
	GlobalSection(SolutionProperties) = preSolution
		HideSolutionNode = FALSE
	EndGlobalSection
	GlobalSection(ExtensibilityGlobals) = postSolution
		SolutionGuid = {FCB41B0F-3251-4B1D-BDED-D4847B9B5F78}
	EndGlobalSection
EndGlobal
